
Microsoft Visual Studio Solution File, Format Version 12.00
# Visual Studio Version 17
VisualStudioVersion = 17.3.32901.215
MinimumVisualStudioVersion = 10.0.40219.1
Project("{9A19103F-16F7-4668-BE54-9A1E7A4F7556}") = "KMS.Encrypt", "KMS.Encrypt\KMS.Encrypt.csproj", "{A23A5E7B-49E2-4C8E-9EFC-1F3303872C18}"
EndProject
Project("{FAE04EC0-301F-11D3-BF4B-00C04F79EFBC}") = "KMS.Decrypt", "KMS.Decrypt\KMS.Decrypt.csproj", "{232D75E8-6769-41BB-ADFE-D7AF1698C0C0}"
EndProject
Project("{FAE04EC0-301F-11D3-BF4B-00C04F79EFBC}") = "KMS.Model", "KMS.Model\KMS.Model.csproj", "{72C4799C-8FE1-424D-867E-454B5B53477C}"
EndProject
Global
	GlobalSection(SolutionConfigurationPlatforms) = preSolution
		Debug|Any CPU = Debug|Any CPU
		Release|Any CPU = Release|Any CPU
	EndGlobalSection
	GlobalSection(ProjectConfigurationPlatforms) = postSolution
		{A23A5E7B-49E2-4C8E-9EFC-1F3303872C18}.Debug|Any CPU.ActiveCfg = Debug|Any CPU
		{A23A5E7B-49E2-4C8E-9EFC-1F3303872C18}.Debug|Any CPU.Build.0 = Debug|Any CPU
		{A23A5E7B-49E2-4C8E-9EFC-1F3303872C18}.Release|Any CPU.ActiveCfg = Release|Any CPU
		{A23A5E7B-49E2-4C8E-9EFC-1F3303872C18}.Release|Any CPU.Build.0 = Release|Any CPU
		{232D75E8-6769-41BB-ADFE-D7AF1698C0C0}.Debug|Any CPU.ActiveCfg = Debug|Any CPU
		{232D75E8-6769-41BB-ADFE-D7AF1698C0C0}.Debug|Any CPU.Build.0 = Debug|Any CPU
		{232D75E8-6769-41BB-ADFE-D7AF1698C0C0}.Release|Any CPU.ActiveCfg = Release|Any CPU
		{232D75E8-6769-41BB-ADFE-D7AF1698C0C0}.Release|Any CPU.Build.0 = Release|Any CPU
		{72C4799C-8FE1-424D-867E-454B5B53477C}.Debug|Any CPU.ActiveCfg = Debug|Any CPU
		{72C4799C-8FE1-424D-867E-454B5B53477C}.Debug|Any CPU.Build.0 = Debug|Any CPU
		{72C4799C-8FE1-424D-867E-454B5B53477C}.Release|Any CPU.ActiveCfg = Release|Any CPU
		{72C4799C-8FE1-424D-867E-454B5B53477C}.Release|Any CPU.Build.0 = Release|Any CPU
	EndGlobalSection
	GlobalSection(SolutionProperties) = preSolution
		HideSolutionNode = FALSE
	EndGlobalSection
	GlobalSection(ExtensibilityGlobals) = postSolution
		SolutionGuid = {E6DD89A7-37C4-42F1-B671-8AE86A7F9089}
	EndGlobalSection
EndGlobal
